// !$*UTF8*$!
{
	archiveVersion = 1;
	classes = {
	};
	objectVersion = 48;
	objects = {

/* Begin PBXBuildFile section */
		E1AE1DB71FB98B4F0032AB1B /* AppDelegate.swift in Sources */ = {isa = PBXBuildFile; fileRef = E1AE1DB61FB98B4F0032AB1B /* AppDelegate.swift */; };
		E1AE1DB91FB98B4F0032AB1B /* ViewController.swift in Sources */ = {isa = PBXBuildFile; fileRef = E1AE1DB81FB98B4F0032AB1B /* ViewController.swift */; };
		E1AE1DBC1FB98B4F0032AB1B /* Main.storyboard in Resources */ = {isa = PBXBuildFile; fileRef = E1AE1DBA1FB98B4F0032AB1B /* Main.storyboard */; };
		E1AE1DBE1FB98B4F0032AB1B /* Assets.xcassets in Resources */ = {isa = PBXBuildFile; fileRef = E1AE1DBD1FB98B4F0032AB1B /* Assets.xcassets */; };
		E1AE1DC11FB98B4F0032AB1B /* LaunchScreen.storyboard in Resources */ = {isa = PBXBuildFile; fileRef = E1AE1DBF1FB98B4F0032AB1B /* LaunchScreen.storyboard */; };
		E1AE1DC91FB98B820032AB1B /* LatipaySDK.framework in Frameworks */ = {isa = PBXBuildFile; fileRef = E1AE1DC81FB98B820032AB1B /* LatipaySDK.framework */; };
		E1AE1DCA1FB98C350032AB1B /* LatipaySDK.framework in Frameworks */ = {isa = PBXBuildFile; fileRef = E1AE1DC81FB98B820032AB1B /* LatipaySDK.framework */; };
		E1AE1DCB1FB98C350032AB1B /* LatipaySDK.framework in Embed Frameworks */ = {isa = PBXBuildFile; fileRef = E1AE1DC81FB98B820032AB1B /* LatipaySDK.framework */; settings = {ATTRIBUTES = (CodeSignOnCopy, RemoveHeadersOnCopy, ); }; };
/* End PBXBuildFile section */

/* Begin PBXCopyFilesBuildPhase section */
		E1AE1DCC1FB98C350032AB1B /* Embed Frameworks */ = {
			isa = PBXCopyFilesBuildPhase;
			buildActionMask = 2147483647;
			dstPath = "";
			dstSubfolderSpec = 10;
			files = (
				E1AE1DCB1FB98C350032AB1B /* LatipaySDK.framework in Embed Frameworks */,
			);
			name = "Embed Frameworks";
			runOnlyForDeploymentPostprocessing = 0;
		};
/* End PBXCopyFilesBuildPhase section */

/* Begin PBXFileReference section */
		E1AE1DB31FB98B4F0032AB1B /* Latipay_Demo.app */ = {isa = PBXFileReference; explicitFileType = wrapper.application; includeInIndex = 0; path = Latipay_Demo.app; sourceTree = BUILT_PRODUCTS_DIR; };
		E1AE1DB61FB98B4F0032AB1B /* AppDelegate.swift */ = {isa = PBXFileReference; lastKnownFileType = sourcecode.swift; path = AppDelegate.swift; sourceTree = "<group>"; };
		E1AE1DB81FB98B4F0032AB1B /* ViewController.swift */ = {isa = PBXFileReference; lastKnownFileType = sourcecode.swift; path = ViewController.swift; sourceTree = "<group>"; };
		E1AE1DBB1FB98B4F0032AB1B /* Base */ = {isa = PBXFileReference; lastKnownFileType = file.storyboard; name = Base; path = Base.lproj/Main.storyboard; sourceTree = "<group>"; };
		E1AE1DBD1FB98B4F0032AB1B /* Assets.xcassets */ = {isa = PBXFileReference; lastKnownFileType = folder.assetcatalog; path = Assets.xcassets; sourceTree = "<group>"; };
		E1AE1DC01FB98B4F0032AB1B /* Base */ = {isa = PBXFileReference; lastKnownFileType = file.storyboard; name = Base; path = Base.lproj/LaunchScreen.storyboard; sourceTree = "<group>"; };
		E1AE1DC21FB98B4F0032AB1B /* Info.plist */ = {isa = PBXFileReference; lastKnownFileType = text.plist.xml; path = Info.plist; sourceTree = "<group>"; };
		E1AE1DC81FB98B820032AB1B /* LatipaySDK.framework */ = {isa = PBXFileReference; lastKnownFileType = wrapper.framework; path = LatipaySDK.framework; sourceTree = "<group>"; };
/* End PBXFileReference section */

/* Begin PBXFrameworksBuildPhase section */
		E1AE1DB01FB98B4F0032AB1B /* Frameworks */ = {
			isa = PBXFrameworksBuildPhase;
			buildActionMask = 2147483647;
			files = (
				E1AE1DCA1FB98C350032AB1B /* LatipaySDK.framework in Frameworks */,
				E1AE1DC91FB98B820032AB1B /* LatipaySDK.framework in Frameworks */,
			);
			runOnlyForDeploymentPostprocessing = 0;
		};
/* End PBXFrameworksBuildPhase section */

/* Begin PBXGroup section */
		E1AE1DAA1FB98B4F0032AB1B = {
			isa = PBXGroup;
			children = (
				E1AE1DB51FB98B4F0032AB1B /* Latipay_Demo */,
				E1AE1DB41FB98B4F0032AB1B /* Products */,
			);
			sourceTree = "<group>";
		};
		E1AE1DB41FB98B4F0032AB1B /* Products */ = {
			isa = PBXGroup;
			children = (
				E1AE1DB31FB98B4F0032AB1B /* Latipay_Demo.app */,
			);
			name = Products;
			sourceTree = "<group>";
		};
		E1AE1DB51FB98B4F0032AB1B /* Latipay_Demo */ = {
			isa = PBXGroup;
			children = (
				E1AE1DC81FB98B820032AB1B /* LatipaySDK.framework */,
				E1AE1DB61FB98B4F0032AB1B /* AppDelegate.swift */,
				E1AE1DB81FB98B4F0032AB1B /* ViewController.swift */,
				E1AE1DBA1FB98B4F0032AB1B /* Main.storyboard */,
				E1AE1DBD1FB98B4F0032AB1B /* Assets.xcassets */,
				E1AE1DBF1FB98B4F0032AB1B /* LaunchScreen.storyboard */,
				E1AE1DC21FB98B4F0032AB1B /* Info.plist */,
			);
			path = Latipay_Demo;
			sourceTree = "<group>";
		};
/* End PBXGroup section */

/* Begin PBXNativeTarget section */
		E1AE1DB21FB98B4F0032AB1B /* Latipay_Demo */ = {
			isa = PBXNativeTarget;
			buildConfigurationList = E1AE1DC51FB98B4F0032AB1B /* Build configuration list for PBXNativeTarget "Latipay_Demo" */;
			buildPhases = (
				E1AE1DAF1FB98B4F0032AB1B /* Sources */,
				E1AE1DB01FB98B4F0032AB1B /* Frameworks */,
				E1AE1DB11FB98B4F0032AB1B /* Resources */,
				E1AE1DCC1FB98C350032AB1B /* Embed Frameworks */,
			);
			buildRules = (
			);
			dependencies = (
			);
			name = Latipay_Demo;
			productName = Latipay_Demo;
			productReference = E1AE1DB31FB98B4F0032AB1B /* Latipay_Demo.app */;
			productType = "com.apple.product-type.application";
		};
/* End PBXNativeTarget section */

/* Begin PBXProject section */
		E1AE1DAB1FB98B4F0032AB1B /* Project object */ = {
			isa = PBXProject;
			attributes = {
				LastSwiftUpdateCheck = 0910;
				LastUpgradeCheck = 0910;
				ORGANIZATIONNAME = Latipay;
				TargetAttributes = {
					E1AE1DB21FB98B4F0032AB1B = {
						CreatedOnToolsVersion = 9.1;
						ProvisioningStyle = Automatic;
					};
				};
			};
			buildConfigurationList = E1AE1DAE1FB98B4F0032AB1B /* Build configuration list for PBXProject "Latipay_Demo" */;
			compatibilityVersion = "Xcode 8.0";
			developmentRegion = en;
			hasScannedForEncodings = 0;
			knownRegions = (
				en,
				Base,
			);
			mainGroup = E1AE1DAA1FB98B4F0032AB1B;
			productRefGroup = E1AE1DB41FB98B4F0032AB1B /* Products */;
			projectDirPath = "";
			projectRoot = "";
			targets = (
				E1AE1DB21FB98B4F0032AB1B /* Latipay_Demo */,
			);
		};
/* End PBXProject section */

/* Begin PBXResourcesBuildPhase section */
		E1AE1DB11FB98B4F0032AB1B /* Resources */ = {
			isa = PBXResourcesBuildPhase;
			buildActionMask = 2147483647;
			files = (
				E1AE1DC11FB98B4F0032AB1B /* LaunchScreen.storyboard in Resources */,
				E1AE1DBE1FB98B4F0032AB1B /* Assets.xcassets in Resources */,
				E1AE1DBC1FB98B4F0032AB1B /* Main.storyboard in Resources */,
			);
			runOnlyForDeploymentPostprocessing = 0;
		};
/* End PBXResourcesBuildPhase section */

/* Begin PBXSourcesBuildPhase section */
		E1AE1DAF1FB98B4F0032AB1B /* Sources */ = {
			isa = PBXSourcesBuildPhase;
			buildActionMask = 2147483647;
			files = (
				E1AE1DB91FB98B4F0032AB1B /* ViewController.swift in Sources */,
				E1AE1DB71FB98B4F0032AB1B /* AppDelegate.swift in Sources */,
			);
			runOnlyForDeploymentPostprocessing = 0;
		};
/* End PBXSourcesBuildPhase section */

/* Begin PBXVariantGroup section */
		E1AE1DBA1FB98B4F0032AB1B /* Main.storyboard */ = {
			isa = PBXVariantGroup;
			children = (
				E1AE1DBB1FB98B4F0032AB1B /* Base */,
			);
			name = Main.storyboard;
			sourceTree = "<group>";
		};
		E1AE1DBF1FB98B4F0032AB1B /* LaunchScreen.storyboard */ = {
			isa = PBXVariantGroup;
			children = (
				E1AE1DC01FB98B4F0032AB1B /* Base */,
			);
			name = LaunchScreen.storyboard;
			sourceTree = "<group>";
		};
/* End PBXVariantGroup section */

/* Begin XCBuildConfiguration section */
		E1AE1DC31FB98B4F0032AB1B /* Debug */ = {
			isa = XCBuildConfiguration;
			buildSettings = {
				ALWAYS_SEARCH_USER_PATHS = NO;
				CLANG_ANALYZER_NONNULL = YES;
				CLANG_ANALYZER_NUMBER_OBJECT_CONVERSION = YES_AGGRESSIVE;
				CLANG_CXX_LANGUAGE_STANDARD = "gnu++14";
				CLANG_CXX_LIBRARY = "libc++";
				CLANG_ENABLE_MODULES = YES;
				CLANG_ENABLE_OBJC_ARC = YES;
				CLANG_WARN_BLOCK_CAPTURE_AUTORELEASING = YES;
				CLANG_WARN_BOOL_CONVERSION = YES;
				CLANG_WARN_COMMA = YES;
				CLANG_WARN_CONSTANT_CONVERSION = YES;
				CLANG_WARN_DIRECT_OBJC_ISA_USAGE = YES_ERROR;
				CLANG_WARN_DOCUMENTATION_COMMENTS = YES;
				CLANG_WARN_EMPTY_BODY = YES;
				CLANG_WARN_ENUM_CONVERSION = YES;
				CLANG_WARN_INFINITE_RECURSION = YES;
				CLANG_WARN_INT_CONVERSION = YES;
				CLANG_WARN_NON_LITERAL_NULL_CONVERSION = YES;
				CLANG_WARN_OBJC_LITERAL_CONVERSION = YES;
				CLANG_WARN_OBJC_ROOT_CLASS = YES_ERROR;
				CLANG_WARN_RANGE_LOOP_ANALYSIS = YES;
				CLANG_WARN_STRICT_PROTOTYPES = YES;
				CLANG_WARN_SUSPICIOUS_MOVE = YES;
				CLANG_WARN_UNGUARDED_AVAILABILITY = YES_AGGRESSIVE;
				CLANG_WARN_UNREACHABLE_CODE = YES;
				CLANG_WARN__DUPLICATE_METHOD_MATCH = YES;
				CODE_SIGN_IDENTITY = "iPhone Developer";
				COPY_PHASE_STRIP = NO;
				DEBUG_INFORMATION_FORMAT = dwarf;
				ENABLE_STRICT_OBJC_MSGSEND = YES;
				ENABLE_TESTABILITY = YES;
				GCC_C_LANGUAGE_STANDARD = gnu11;
				GCC_DYNAMIC_NO_PIC = NO;
				GCC_NO_COMMON_BLOCKS = YES;
				GCC_OPTIMIZATION_LEVEL = 0;
				GCC_PREPROCESSOR_DEFINITIONS = (
					"DEBUG=1",
					"$(inherited)",
				);
				GCC_WARN_64_TO_32_BIT_CONVERSION = YES;
				GCC_WARN_ABOUT_RETURN_TYPE = YES_ERROR;
				GCC_WARN_UNDECLARED_SELECTOR = YES;
				GCC_WARN_UNINITIALIZED_AUTOS = YES_AGGRESSIVE;
				GCC_WARN_UNUSED_FUNCTION = YES;
				GCC_WARN_UNUSED_VARIABLE = YES;
				IPHONEOS_DEPLOYMENT_TARGET = 11.1;
				MTL_ENABLE_DEBUG_INFO = YES;
				ONLY_ACTIVE_ARCH = YES;
				SDKROOT = iphoneos;
				SWIFT_ACTIVE_COMPILATION_CONDITIONS = DEBUG;
				SWIFT_OPTIMIZATION_LEVEL = "-Onone";
			};
			name = Debug;
		};
		E1AE1DC41FB98B4F0032AB1B /* Release */ = {
			isa = XCBuildConfiguration;
			buildSettings = {
				ALWAYS_SEARCH_USER_PATHS = NO;
				CLANG_ANALYZER_NONNULL = YES;
				CLANG_ANALYZER_NUMBER_OBJECT_CONVERSION = YES_AGGRESSIVE;
				CLANG_CXX_LANGUAGE_STANDARD = "gnu++14";
				CLANG_CXX_LIBRARY = "libc++";
				CLANG_ENABLE_MODULES = YES;
				CLANG_ENABLE_OBJC_ARC = YES;
				CLANG_WARN_BLOCK_CAPTURE_AUTORELEASING = YES;
				CLANG_WARN_BOOL_CONVERSION = YES;
				CLANG_WARN_COMMA = YES;
				CLANG_WARN_CONSTANT_CONVERSION = YES;
				CLANG_WARN_DIRECT_OBJC_ISA_USAGE = YES_ERROR;
				CLANG_WARN_DOCUMENTATION_COMMENTS = YES;
				CLANG_WARN_EMPTY_BODY = YES;
				CLANG_WARN_ENUM_CONVERSION = YES;
				CLANG_WARN_INFINITE_RECURSION = YES;
				CLANG_WARN_INT_CONVERSION = YES;
				CLANG_WARN_NON_LITERAL_NULL_CONVERSION = YES;
				CLANG_WARN_OBJC_LITERAL_CONVERSION = YES;
				CLANG_WARN_OBJC_ROOT_CLASS = YES_ERROR;
				CLANG_WARN_RANGE_LOOP_ANALYSIS = YES;
				CLANG_WARN_STRICT_PROTOTYPES = YES;
				CLANG_WARN_SUSPICIOUS_MOVE = YES;
				CLANG_WARN_UNGUARDED_AVAILABILITY = YES_AGGRESSIVE;
				CLANG_WARN_UNREACHABLE_CODE = YES;
				CLANG_WARN__DUPLICATE_METHOD_MATCH = YES;
				CODE_SIGN_IDENTITY = "iPhone Developer";
				COPY_PHASE_STRIP = NO;
				DEBUG_INFORMATION_FORMAT = "dwarf-with-dsym";
				ENABLE_NS_ASSERTIONS = NO;
				ENABLE_STRICT_OBJC_MSGSEND = YES;
				GCC_C_LANGUAGE_STANDARD = gnu11;
				GCC_NO_COMMON_BLOCKS = YES;
				GCC_WARN_64_TO_32_BIT_CONVERSION = YES;
				GCC_WARN_ABOUT_RETURN_TYPE = YES_ERROR;
				GCC_WARN_UNDECLARED_SELECTOR = YES;
				GCC_WARN_UNINITIALIZED_AUTOS = YES_AGGRESSIVE;
				GCC_WARN_UNUSED_FUNCTION = YES;
				GCC_WARN_UNUSED_VARIABLE = YES;
				IPHONEOS_DEPLOYMENT_TARGET = 11.1;
				MTL_ENABLE_DEBUG_INFO = NO;
				SDKROOT = iphoneos;
				SWIFT_OPTIMIZATION_LEVEL = "-Owholemodule";
				VALIDATE_PRODUCT = YES;
			};
			name = Release;
		};
		E1AE1DC61FB98B4F0032AB1B /* Debug */ = {
			isa = XCBuildConfiguration;
			buildSettings = {
				ASSETCATALOG_COMPILER_APPICON_NAME = AppIcon;
				CODE_SIGN_STYLE = Automatic;
				DEVELOPMENT_TEAM = V93X4GTH7Q;
				FRAMEWORK_SEARCH_PATHS = (
					"$(inherited)",
					"$(PROJECT_DIR)/Latipay_Demo",
				);
				INFOPLIST_FILE = Latipay_Demo/Info.plist;
				IPHONEOS_DEPLOYMENT_TARGET = 11.1;
				LD_RUNPATH_SEARCH_PATHS = "$(inherited) @executable_path/Frameworks";
				PRODUCT_BUNDLE_IDENTIFIER = "net.latipay.sdk.Latipay-Demo";
				PRODUCT_NAME = "$(TARGET_NAME)";
				SWIFT_VERSION = 4.0;
				TARGETED_DEVICE_FAMILY = "1,2";
			};
			name = Debug;
		};
		E1AE1DC71FB98B4F0032AB1B /* Release */ = {
			isa = XCBuildConfiguration;
			buildSettings = {
				ASSETCATALOG_COMPILER_APPICON_NAME = AppIcon;
				CODE_SIGN_STYLE = Automatic;
				DEVELOPMENT_TEAM = V93X4GTH7Q;
				FRAMEWORK_SEARCH_PATHS = (
					"$(inherited)",
					"$(PROJECT_DIR)/Latipay_Demo",
				);
				INFOPLIST_FILE = Latipay_Demo/Info.plist;
				IPHONEOS_DEPLOYMENT_TARGET = 11.1;
				LD_RUNPATH_SEARCH_PATHS = "$(inherited) @executable_path/Frameworks";
				PRODUCT_BUNDLE_IDENTIFIER = "net.latipay.sdk.Latipay-Demo";
				PRODUCT_NAME = "$(TARGET_NAME)";
				SWIFT_VERSION = 4.0;
				TARGETED_DEVICE_FAMILY = "1,2";
			};
			name = Release;
		};
/* End XCBuildConfiguration section */

/* Begin XCConfigurationList section */
		E1AE1DAE1FB98B4F0032AB1B /* Build configuration list for PBXProject "Latipay_Demo" */ = {
			isa = XCConfigurationList;
			buildConfigurations = (
				E1AE1DC31FB98B4F0032AB1B /* Debug */,
				E1AE1DC41FB98B4F0032AB1B /* Release */,
			);
			defaultConfigurationIsVisible = 0;
			defaultConfigurationName = Release;
		};
		E1AE1DC51FB98B4F0032AB1B /* Build configuration list for PBXNativeTarget "Latipay_Demo" */ = {
			isa = XCConfigurationList;
			buildConfigurations = (
				E1AE1DC61FB98B4F0032AB1B /* Debug */,
				E1AE1DC71FB98B4F0032AB1B /* Release */,
			);
			defaultConfigurationIsVisible = 0;
			defaultConfigurationName = Release;
		};
/* End XCConfigurationList section */
	};
	rootObject = E1AE1DAB1FB98B4F0032AB1B /* Project object */;
}
